
Microsoft Visual Studio Solution File, Format Version 12.00
# Visual Studio Version 17
VisualStudioVersion = 17.0.31912.275
MinimumVisualStudioVersion = 10.0.40219.1
Project("{FAE04EC0-301F-11D3-BF4B-00C04F79EFBC}") = "SudokuSolver", "SudokuSolver.csproj", "{8307A462-3E22-4634-9FA3-CA464029486E}"
EndProject
Global
	GlobalSection(SolutionConfigurationPlatforms) = preSolution
		Debug|Any CPU = Debug|Any CPU
		Release|Any CPU = Release|Any CPU
	EndGlobalSection
	GlobalSection(ProjectConfigurationPlatforms) = postSolution
		{8307A462-3E22-4634-9FA3-CA464029486E}.Debug|Any CPU.ActiveCfg = Debug|Any CPU
		{8307A462-3E22-4634-9FA3-CA464029486E}.Debug|Any CPU.Build.0 = Debug|Any CPU
		{8307A462-3E22-4634-9FA3-CA464029486E}.Release|Any CPU.ActiveCfg = Release|Any CPU
		{8307A462-3E22-4634-9FA3-CA464029486E}.Release|Any CPU.Build.0 = Release|Any CPU
	EndGlobalSection
	GlobalSection(SolutionProperties) = preSolution
		HideSolutionNode = FALSE
	EndGlobalSection
	GlobalSection(ExtensibilityGlobals) = postSolution
		SolutionGuid = {4CD942C6-FD8D-482B-83F8-39B613122555}
	EndGlobalSection
EndGlobal
